
Microsoft Visual Studio Solution File, Format Version 12.00
# Visual Studio Version 17
VisualStudioVersion = 17.0.32112.339
MinimumVisualStudioVersion = 10.0.40219.1
Project("{FAE04EC0-301F-11D3-BF4B-00C04F79EFBC}") = "API", "API\API.csproj", "{E8685E99-72BC-4166-837E-25BB6ADB47CA}"
EndProject
Project("{FAE04EC0-301F-11D3-BF4B-00C04F79EFBC}") = "BE.API", "BE.API\BE.API.csproj", "{75071CE1-A7B3-41E2-B112-D337F5DA0CCD}"
EndProject
Project("{FAE04EC0-301F-11D3-BF4B-00C04F79EFBC}") = "BE.BS", "BE.BS\BE.BS.csproj", "{AB6F8857-8CDE-4DD7-8D90-52EB32661C9B}"
EndProject
Project("{FAE04EC0-301F-11D3-BF4B-00C04F79EFBC}") = "BE.DAL", "BE.DAL\BE.DAL.csproj", "{07BFED76-BF79-45A5-8269-D56623C8B646}"
EndProject
Project("{FAE04EC0-301F-11D3-BF4B-00C04F79EFBC}") = "BE.DAL.DO", "BE.DAL.DO\BE.DAL.DO.csproj", "{4024E02A-FA68-4FA7-844F-6CFA348C0DF5}"
EndProject
Project("{FAE04EC0-301F-11D3-BF4B-00C04F79EFBC}") = "BE.DAL.EF", "BE.DAL.EF\BE.DAL.EF.csproj", "{BBEEF5CD-DA7B-4F5D-8614-903EB79628CA}"
EndProject
Project("{FAE04EC0-301F-11D3-BF4B-00C04F79EFBC}") = "BE.DAL.Repository", "BE.DAL.Repository\BE.DAL.Repository.csproj", "{7DB10749-EA6E-4D85-A6B1-149ACE1C2D59}"
EndProject
Global
	GlobalSection(SolutionConfigurationPlatforms) = preSolution
		Debug|Any CPU = Debug|Any CPU
		Release|Any CPU = Release|Any CPU
	EndGlobalSection
	GlobalSection(ProjectConfigurationPlatforms) = postSolution
		{E8685E99-72BC-4166-837E-25BB6ADB47CA}.Debug|Any CPU.ActiveCfg = Debug|Any CPU
		{E8685E99-72BC-4166-837E-25BB6ADB47CA}.Debug|Any CPU.Build.0 = Debug|Any CPU
		{E8685E99-72BC-4166-837E-25BB6ADB47CA}.Release|Any CPU.ActiveCfg = Release|Any CPU
		{E8685E99-72BC-4166-837E-25BB6ADB47CA}.Release|Any CPU.Build.0 = Release|Any CPU
		{75071CE1-A7B3-41E2-B112-D337F5DA0CCD}.Debug|Any CPU.ActiveCfg = Debug|Any CPU
		{75071CE1-A7B3-41E2-B112-D337F5DA0CCD}.Debug|Any CPU.Build.0 = Debug|Any CPU
		{75071CE1-A7B3-41E2-B112-D337F5DA0CCD}.Release|Any CPU.ActiveCfg = Release|Any CPU
		{75071CE1-A7B3-41E2-B112-D337F5DA0CCD}.Release|Any CPU.Build.0 = Release|Any CPU
		{AB6F8857-8CDE-4DD7-8D90-52EB32661C9B}.Debug|Any CPU.ActiveCfg = Debug|Any CPU
		{AB6F8857-8CDE-4DD7-8D90-52EB32661C9B}.Debug|Any CPU.Build.0 = Debug|Any CPU
		{AB6F8857-8CDE-4DD7-8D90-52EB32661C9B}.Release|Any CPU.ActiveCfg = Release|Any CPU
		{AB6F8857-8CDE-4DD7-8D90-52EB32661C9B}.Release|Any CPU.Build.0 = Release|Any CPU
		{07BFED76-BF79-45A5-8269-D56623C8B646}.Debug|Any CPU.ActiveCfg = Debug|Any CPU
		{07BFED76-BF79-45A5-8269-D56623C8B646}.Debug|Any CPU.Build.0 = Debug|Any CPU
		{07BFED76-BF79-45A5-8269-D56623C8B646}.Release|Any CPU.ActiveCfg = Release|Any CPU
		{07BFED76-BF79-45A5-8269-D56623C8B646}.Release|Any CPU.Build.0 = Release|Any CPU
		{4024E02A-FA68-4FA7-844F-6CFA348C0DF5}.Debug|Any CPU.ActiveCfg = Debug|Any CPU
		{4024E02A-FA68-4FA7-844F-6CFA348C0DF5}.Debug|Any CPU.Build.0 = Debug|Any CPU
		{4024E02A-FA68-4FA7-844F-6CFA348C0DF5}.Release|Any CPU.ActiveCfg = Release|Any CPU
		{4024E02A-FA68-4FA7-844F-6CFA348C0DF5}.Release|Any CPU.Build.0 = Release|Any CPU
		{BBEEF5CD-DA7B-4F5D-8614-903EB79628CA}.Debug|Any CPU.ActiveCfg = Debug|Any CPU
		{BBEEF5CD-DA7B-4F5D-8614-903EB79628CA}.Debug|Any CPU.Build.0 = Debug|Any CPU
		{BBEEF5CD-DA7B-4F5D-8614-903EB79628CA}.Release|Any CPU.ActiveCfg = Release|Any CPU
		{BBEEF5CD-DA7B-4F5D-8614-903EB79628CA}.Release|Any CPU.Build.0 = Release|Any CPU
		{7DB10749-EA6E-4D85-A6B1-149ACE1C2D59}.Debug|Any CPU.ActiveCfg = Debug|Any CPU
		{7DB10749-EA6E-4D85-A6B1-149ACE1C2D59}.Debug|Any CPU.Build.0 = Debug|Any CPU
		{7DB10749-EA6E-4D85-A6B1-149ACE1C2D59}.Release|Any CPU.ActiveCfg = Release|Any CPU
		{7DB10749-EA6E-4D85-A6B1-149ACE1C2D59}.Release|Any CPU.Build.0 = Release|Any CPU
	EndGlobalSection
	GlobalSection(SolutionProperties) = preSolution
		HideSolutionNode = FALSE
	EndGlobalSection
	GlobalSection(ExtensibilityGlobals) = postSolution
		SolutionGuid = {7F06AED6-D5FA-4646-8EA7-796EE716B991}
	EndGlobalSection
EndGlobal
