
Microsoft Visual Studio Solution File, Format Version 12.00
# Visual Studio Version 16
VisualStudioVersion = 16.0.31702.278
MinimumVisualStudioVersion = 10.0.40219.1
Project("{FAE04EC0-301F-11D3-BF4B-00C04F79EFBC}") = "FrontEnd", "FrontEnd\FrontEnd.csproj", "{382CCF19-76F4-405F-9CEA-CAC973291E4A}"
EndProject
Global
	GlobalSection(SolutionConfigurationPlatforms) = preSolution
		Debug|Any CPU = Debug|Any CPU
		Release|Any CPU = Release|Any CPU
	EndGlobalSection
	GlobalSection(ProjectConfigurationPlatforms) = postSolution
		{382CCF19-76F4-405F-9CEA-CAC973291E4A}.Debug|Any CPU.ActiveCfg = Debug|Any CPU
		{382CCF19-76F4-405F-9CEA-CAC973291E4A}.Debug|Any CPU.Build.0 = Debug|Any CPU
		{382CCF19-76F4-405F-9CEA-CAC973291E4A}.Release|Any CPU.ActiveCfg = Release|Any CPU
		{382CCF19-76F4-405F-9CEA-CAC973291E4A}.Release|Any CPU.Build.0 = Release|Any CPU
	EndGlobalSection
	GlobalSection(SolutionProperties) = preSolution
		HideSolutionNode = FALSE
	EndGlobalSection
	GlobalSection(ExtensibilityGlobals) = postSolution
		SolutionGuid = {B58DB83E-649C-4819-8EE5-DAA8C3702BA3}
	EndGlobalSection
EndGlobal
